{
  "name": "@nagare/core",
  "version": "0.0.3",
  "lockfileVersion": 2,
  "requires": true,
  "packages": {
    "": {
      "name": "@nagare/core",
      "version": "0.0.3",
      "license": "ISC",
      "dependencies": {
        "js-xxhash": "^1.0.4",
        "localforage": "^1.10.0",
        "localforage-driver-memory": "^1.0.5",
        "localforage-sessionstoragewrapper": "^1.3.1",
        "rxjs": "^7.4.0"
      },
      "devDependencies": {}
    },
    "node_modules/immediate": {
      "version": "3.0.6",
      "resolved": "https://registry.npmjs.org/immediate/-/immediate-3.0.6.tgz",
      "integrity": "sha1-nbHb0Pr43m++D13V5Wu2BigN5ps="
    },
    "node_modules/js-xxhash": {
      "version": "1.0.4",
      "resolved": "https://registry.npmjs.org/js-xxhash/-/js-xxhash-1.0.4.tgz",
      "integrity": "sha512-S/6Oo7ruxx5k8m4qlMnbpwQdJjRsvvfcIhIk1dA9c5y5GNhYHKYKu9krEK3QgBax6CxJuf4gRL2opgLkdzWIKg==",
      "engines": {
        "node": ">=8.0.0"
      }
    },
    "node_modules/lie": {
      "version": "3.1.1",
      "resolved": "https://registry.npmjs.org/lie/-/lie-3.1.1.tgz",
      "integrity": "sha1-mkNrLMd0bKWd56QfpGmz77dr2H4=",
      "dependencies": {
        "immediate": "~3.0.5"
      }
    },
    "node_modules/localforage": {
      "version": "1.10.0",
      "resolved": "https://registry.npmjs.org/localforage/-/localforage-1.10.0.tgz",
      "integrity": "sha512-14/H1aX7hzBBmmh7sGPd+AOMkkIrHM3Z1PAyGgZigA1H1p5O5ANnMyWzvpAETtG68/dC4pC0ncy3+PPGzXZHPg==",
      "dependencies": {
        "lie": "3.1.1"
      }
    },
    "node_modules/localforage-driver-commons": {
      "version": "1.0.3",
      "resolved": "https://registry.npmjs.org/localforage-driver-commons/-/localforage-driver-commons-1.0.3.tgz",
      "integrity": "sha512-K9PiNNXcyX98lQVyCADjv+QKxFD71y0DtVUhqMjwCkFY/d/g7GdJLPN9U92M7RUvfkL8mzPhC+mWEKo9tur5oQ==",
      "peerDependencies": {
        "tslib": "^1.6.0"
      }
    },
    "node_modules/localforage-driver-memory": {
      "version": "1.0.5",
      "resolved": "https://registry.npmjs.org/localforage-driver-memory/-/localforage-driver-memory-1.0.5.tgz",
      "integrity": "sha512-m4v478ixdT3hA7gKv+pAxDIWgMKiUV2GuYem5jnpOBQFVJbrHU7jmNlrj8a0MfD9qff3i48E3Yfip5Eu1AN6Qg==",
      "dependencies": {
        "localforage-driver-commons": "^1.0.1",
        "tslib": "^1.6.0"
      },
      "peerDependencies": {
        "localforage": "^1.5.0"
      }
    },
    "node_modules/localforage-sessionstoragewrapper": {
      "version": "1.3.1",
      "resolved": "https://registry.npmjs.org/localforage-sessionstoragewrapper/-/localforage-sessionstoragewrapper-1.3.1.tgz",
      "integrity": "sha512-E0Cpoe1Q+kD9MXY9fJGPGzSXHAYi+ySt2aWBqzI2wK4gTwSA1yxMYpeVs/fCDkeA0yojr6FNrb5Tdsh9Up2Gwg==",
      "peerDependencies": {
        "localforage": "^1.5.0"
      }
    },
    "node_modules/rxjs": {
      "version": "7.5.4",
      "resolved": "https://registry.npmjs.org/rxjs/-/rxjs-7.5.4.tgz",
      "integrity": "sha512-h5M3Hk78r6wAheJF0a5YahB1yRQKCsZ4MsGdZ5O9ETbVtjPcScGfrMmoOq7EBsCRzd4BDkvDJ7ogP8Sz5tTFiQ==",
      "dependencies": {
        "tslib": "^2.1.0"
      }
    },
    "node_modules/rxjs/node_modules/tslib": {
      "version": "2.3.1",
      "resolved": "https://registry.npmjs.org/tslib/-/tslib-2.3.1.tgz",
      "integrity": "sha512-77EbyPPpMz+FRFRuAFlWMtmgUWGe9UOG2Z25NqCwiIjRhOf5iKGuzSe5P2w1laq+FkRy4p+PCuVkJSGkzTEKVw=="
    },
    "node_modules/tslib": {
      "version": "1.14.1",
      "resolved": "https://registry.npmjs.org/tslib/-/tslib-1.14.1.tgz",
      "integrity": "sha512-Xni35NKzjgMrwevysHTCArtLDpPvye8zV/0E4EyYn43P7/7qvQwPh9BGkHewbMulVntbigmcT7rdX3BNo9wRJg=="
    }
  },
  "dependencies": {
    "immediate": {
      "version": "3.0.6",
      "resolved": "https://registry.npmjs.org/immediate/-/immediate-3.0.6.tgz",
      "integrity": "sha1-nbHb0Pr43m++D13V5Wu2BigN5ps="
    },
    "js-xxhash": {
      "version": "1.0.4",
      "resolved": "https://registry.npmjs.org/js-xxhash/-/js-xxhash-1.0.4.tgz",
      "integrity": "sha512-S/6Oo7ruxx5k8m4qlMnbpwQdJjRsvvfcIhIk1dA9c5y5GNhYHKYKu9krEK3QgBax6CxJuf4gRL2opgLkdzWIKg=="
    },
    "lie": {
      "version": "3.1.1",
      "resolved": "https://registry.npmjs.org/lie/-/lie-3.1.1.tgz",
      "integrity": "sha1-mkNrLMd0bKWd56QfpGmz77dr2H4=",
      "requires": {
        "immediate": "~3.0.5"
      }
    },
    "localforage": {
      "version": "1.10.0",
      "resolved": "https://registry.npmjs.org/localforage/-/localforage-1.10.0.tgz",
      "integrity": "sha512-14/H1aX7hzBBmmh7sGPd+AOMkkIrHM3Z1PAyGgZigA1H1p5O5ANnMyWzvpAETtG68/dC4pC0ncy3+PPGzXZHPg==",
      "requires": {
        "lie": "3.1.1"
      }
    },
    "localforage-driver-commons": {
      "version": "1.0.3",
      "resolved": "https://registry.npmjs.org/localforage-driver-commons/-/localforage-driver-commons-1.0.3.tgz",
      "integrity": "sha512-K9PiNNXcyX98lQVyCADjv+QKxFD71y0DtVUhqMjwCkFY/d/g7GdJLPN9U92M7RUvfkL8mzPhC+mWEKo9tur5oQ==",
      "requires": {}
    },
    "localforage-driver-memory": {
      "version": "1.0.5",
      "resolved": "https://registry.npmjs.org/localforage-driver-memory/-/localforage-driver-memory-1.0.5.tgz",
      "integrity": "sha512-m4v478ixdT3hA7gKv+pAxDIWgMKiUV2GuYem5jnpOBQFVJbrHU7jmNlrj8a0MfD9qff3i48E3Yfip5Eu1AN6Qg==",
      "requires": {
        "localforage-driver-commons": "^1.0.1",
        "tslib": "^1.6.0"
      }
    },
    "localforage-sessionstoragewrapper": {
      "version": "1.3.1",
      "resolved": "https://registry.npmjs.org/localforage-sessionstoragewrapper/-/localforage-sessionstoragewrapper-1.3.1.tgz",
      "integrity": "sha512-E0Cpoe1Q+kD9MXY9fJGPGzSXHAYi+ySt2aWBqzI2wK4gTwSA1yxMYpeVs/fCDkeA0yojr6FNrb5Tdsh9Up2Gwg==",
      "requires": {}
    },
    "rxjs": {
      "version": "7.5.4",
      "resolved": "https://registry.npmjs.org/rxjs/-/rxjs-7.5.4.tgz",
      "integrity": "sha512-h5M3Hk78r6wAheJF0a5YahB1yRQKCsZ4MsGdZ5O9ETbVtjPcScGfrMmoOq7EBsCRzd4BDkvDJ7ogP8Sz5tTFiQ==",
      "requires": {
        "tslib": "^2.1.0"
      },
      "dependencies": {
        "tslib": {
          "version": "2.3.1",
          "resolved": "https://registry.npmjs.org/tslib/-/tslib-2.3.1.tgz",
          "integrity": "sha512-77EbyPPpMz+FRFRuAFlWMtmgUWGe9UOG2Z25NqCwiIjRhOf5iKGuzSe5P2w1laq+FkRy4p+PCuVkJSGkzTEKVw=="
        }
      }
    },
    "tslib": {
      "version": "1.14.1",
      "resolved": "https://registry.npmjs.org/tslib/-/tslib-1.14.1.tgz",
      "integrity": "sha512-Xni35NKzjgMrwevysHTCArtLDpPvye8zV/0E4EyYn43P7/7qvQwPh9BGkHewbMulVntbigmcT7rdX3BNo9wRJg=="
    }
  }
}
